
Microsoft Visual Studio Solution File, Format Version 12.00
# Visual Studio Version 17
VisualStudioVersion = 17.0.32112.339
MinimumVisualStudioVersion = 10.0.40219.1
Project("{FAE04EC0-301F-11D3-BF4B-00C04F79EFBC}") = "text_to_img", "text_to_img\text_to_img.csproj", "{EE5D365C-4188-479E-9D6C-5D79D2ABBBEB}"
EndProject
Global
	GlobalSection(SolutionConfigurationPlatforms) = preSolution
		Debug|Any CPU = Debug|Any CPU
		Release|Any CPU = Release|Any CPU
	EndGlobalSection
	GlobalSection(ProjectConfigurationPlatforms) = postSolution
		{EE5D365C-4188-479E-9D6C-5D79D2ABBBEB}.Debug|Any CPU.ActiveCfg = Debug|Any CPU
		{EE5D365C-4188-479E-9D6C-5D79D2ABBBEB}.Debug|Any CPU.Build.0 = Debug|Any CPU
		{EE5D365C-4188-479E-9D6C-5D79D2ABBBEB}.Release|Any CPU.ActiveCfg = Release|Any CPU
		{EE5D365C-4188-479E-9D6C-5D79D2ABBBEB}.Release|Any CPU.Build.0 = Release|Any CPU
	EndGlobalSection
	GlobalSection(SolutionProperties) = preSolution
		HideSolutionNode = FALSE
	EndGlobalSection
	GlobalSection(ExtensibilityGlobals) = postSolution
		SolutionGuid = {1C731C1F-8654-41F8-BCF8-C5DF637B7D8B}
	EndGlobalSection
EndGlobal
